# THIS IS AN AUTOGENERATED FILE. DO NOT EDIT THIS FILE DIRECTLY.
# yarn lockfile v1


accepts@1.0.0:
  version "1.0.0"
  resolved "https://registry.yarnpkg.com/accepts/-/accepts-1.0.0.tgz#3604c765586c3b9cf7877b6937cdbd4587f947dc"
  integrity sha1-NgTHZVhsO5z3h3tpN829RYf5R9w=
  dependencies:
    mime "~1.2.11"
    negotiator "~0.3.0"

asn1@0.1.11:
  version "0.1.11"
  resolved "https://registry.yarnpkg.com/asn1/-/asn1-0.1.11.tgz#559be18376d08a4ec4dbe80877d27818639b2df7"
  integrity sha1-VZvhg3bQik7E2+gId9J4GGObLfc=

assert-plus@^0.1.5:
  version "0.1.5"
  resolved "https://registry.yarnpkg.com/assert-plus/-/assert-plus-0.1.5.tgz#ee74009413002d84cec7219c6ac811812e723160"
  integrity sha1-7nQAlBMALYTOxyGcasgRgS5yMWA=

async@~0.9.0:
  version "0.9.2"
  resolved "https://registry.yarnpkg.com/async/-/async-0.9.2.tgz#aea74d5e61c1f899613bf64bda66d4c78f2fd17d"
  integrity sha1-rqdNXmHB+JlhO/ZL2mbUx48v0X0=

aws-sign2@~0.5.0:
  version "0.5.0"
  resolved "https://registry.yarnpkg.com/aws-sign2/-/aws-sign2-0.5.0.tgz#c57103f7a17fc037f02d7c2e64b602ea223f7d63"
  integrity sha1-xXED96F/wDfwLXwuZLYC6iI/fWM=

boom@0.4.x:
  version "0.4.2"
  resolved "https://registry.yarnpkg.com/boom/-/boom-0.4.2.tgz#7a636e9ded4efcefb19cef4947a3c67dfaee911b"
  integrity sha1-emNune1O/O+xnO9JR6PGffrukRs=
  dependencies:
    hoek "0.9.x"

buffer-crc32@0.2.1:
  version "0.2.1"
  resolved "https://registry.yarnpkg.com/buffer-crc32/-/buffer-crc32-0.2.1.tgz#be3e5382fc02b6d6324956ac1af98aa98b08534c"
  integrity sha1-vj5TgvwCttYySVasGvmKqYsIU0w=

combined-stream@~0.0.4:
  version "0.0.7"
  resolved "https://registry.yarnpkg.com/combined-stream/-/combined-stream-0.0.7.tgz#0137e657baa5a7541c57ac37ac5fc07d73b4dc1f"
  integrity sha1-ATfmV7qlp1QcV6w3rF/AfXO03B8=
  dependencies:
    delayed-stream "0.0.5"

cookie-parser@1.3.2:
  version "1.3.2"
  resolved "https://registry.yarnpkg.com/cookie-parser/-/cookie-parser-1.3.2.tgz#52211cc82c955d79ff0c088954407724e19cf562"
  integrity sha1-UiEcyCyVXXn/DAiJVEB3JOGc9WI=
  dependencies:
    cookie "0.1.2"
    cookie-signature "1.0.4"

cookie-signature@1.0.3:
  version "1.0.3"
  resolved "https://registry.yarnpkg.com/cookie-signature/-/cookie-signature-1.0.3.tgz#91cd997cc51fb641595738c69cda020328f50ff9"
  integrity sha1-kc2ZfMUftkFZVzjGnNoCAyj1D/k=

cookie-signature@1.0.4:
  version "1.0.4"
  resolved "https://registry.yarnpkg.com/cookie-signature/-/cookie-signature-1.0.4.tgz#0edd22286e3a111b9a2a70db363e925e867f6aca"
  integrity sha1-Dt0iKG46ERuaKnDbNj6SXoZ/aso=

cookie@0.1.0:
  version "0.1.0"
  resolved "https://registry.yarnpkg.com/cookie/-/cookie-0.1.0.tgz#90eb469ddce905c866de687efc43131d8801f9d0"
  integrity sha1-kOtGndzpBchm3mh+/EMTHYgB+dA=

cookie@0.1.2:
  version "0.1.2"
  resolved "https://registry.yarnpkg.com/cookie/-/cookie-0.1.2.tgz#72fec3d24e48a3432073d90c12642005061004b1"
  integrity sha1-cv7D0k5Io0Mgc9kMEmQgBQYQBLE=

cryptiles@0.2.x:
  version "0.2.2"
  resolved "https://registry.yarnpkg.com/cryptiles/-/cryptiles-0.2.2.tgz#ed91ff1f17ad13d3748288594f8a48a0d26f325c"
  integrity sha1-7ZH/HxetE9N0gohZT4pIoNJvMlw=
  dependencies:
    boom "0.4.x"

ctype@0.5.3:
  version "0.5.3"
  resolved "https://registry.yarnpkg.com/ctype/-/ctype-0.5.3.tgz#82c18c2461f74114ef16c135224ad0b9144ca12f"
  integrity sha1-gsGMJGH3QRTvFsE1IkrQuRRMoS8=

debug@*:
  version "4.1.1"
  resolved "https://registry.yarnpkg.com/debug/-/debug-4.1.1.tgz#3b72260255109c6b589cee050f1d516139664791"
  integrity sha512-pYAIzeRo8J6KPEaJ0VWOh5Pzkbw/RetuzehGM7QRRX5he4fPHx2rdKMB256ehJCkX+XRQm16eZLqLNS8RSZXZw==
  dependencies:
    ms "^2.1.1"

"debug@>= 0.7.3 < 1":
  version "0.8.1"
  resolved "https://registry.yarnpkg.com/debug/-/debug-0.8.1.tgz#20ff4d26f5e422cb68a1bacbbb61039ad8c1c130"
  integrity sha1-IP9NJvXkIstoobrLu2EDmtjBwTA=

delayed-stream@0.0.5:
  version "0.0.5"
  resolved "https://registry.yarnpkg.com/delayed-stream/-/delayed-stream-0.0.5.tgz#d4b1f43a93e8296dfe02694f4680bc37a313c73f"
  integrity sha1-1LH0OpPoKW3+AmlPRoC8N6MTxz8=

escape-html@1.0.1:
  version "1.0.1"
  resolved "https://registry.yarnpkg.com/escape-html/-/escape-html-1.0.1.tgz#181a286ead397a39a92857cfb1d43052e356bff0"
  integrity sha1-GBoobq05ejmpKFfPsdQwUuNWv/A=

express@~4.0.0:
  version "4.0.0"
  resolved "https://registry.yarnpkg.com/express/-/express-4.0.0.tgz#274dc82933c9f574cc38a0ce5ea8172be9c6b094"
  integrity sha1-J03IKTPJ9XTMOKDOXqgXK+nGsJQ=
  dependencies:
    accepts "1.0.0"
    buffer-crc32 "0.2.1"
    cookie "0.1.0"
    cookie-signature "1.0.3"
    debug ">= 0.7.3 < 1"
    escape-html "1.0.1"
    fresh "0.2.2"
    merge-descriptors "0.0.2"
    methods "0.1.0"
    parseurl "1.0.1"
    path-to-regexp "0.1.2"
    qs "0.6.6"
    range-parser "1.0.0"
    send "0.2.0"
    serve-static "1.0.1"
    type-is "1.0.0"
    utils-merge "1.0.0"

forever-agent@~0.5.0:
  version "0.5.2"
  resolved "https://registry.yarnpkg.com/forever-agent/-/forever-agent-0.5.2.tgz#6d0e09c4921f94a27f63d3b49c5feff1ea4c5130"
  integrity sha1-bQ4JxJIflKJ/Y9O0nF/v8epMUTA=

form-data@~0.1.0:
  version "0.1.4"
  resolved "https://registry.yarnpkg.com/form-data/-/form-data-0.1.4.tgz#91abd788aba9702b1aabfa8bc01031a2ac9e3b12"
  integrity sha1-kavXiKupcCsaq/qLwBAxoqyeOxI=
  dependencies:
    async "~0.9.0"
    combined-stream "~0.0.4"
    mime "~1.2.11"

fresh@0.2.0:
  version "0.2.0"
  resolved "https://registry.yarnpkg.com/fresh/-/fresh-0.2.0.tgz#bfd9402cf3df12c4a4c310c79f99a3dde13d34a7"
  integrity sha1-v9lALPPfEsSkwxDHn5mj3eE9NKc=

fresh@0.2.2:
  version "0.2.2"
  resolved "https://registry.yarnpkg.com/fresh/-/fresh-0.2.2.tgz#9731dcf5678c7faeb44fb903c4f72df55187fa77"
  integrity sha1-lzHc9WeMf660T7kDxPct9VGH+nc=

fresh@~0.2.1:
  version "0.2.4"
  resolved "https://registry.yarnpkg.com/fresh/-/fresh-0.2.4.tgz#3582499206c9723714190edd74b4604feb4a614c"
  integrity sha1-NYJJkgbJcjcUGQ7ddLRgT+tKYUw=

hawk@~1.0.0:
  version "1.0.0"
  resolved "https://registry.yarnpkg.com/hawk/-/hawk-1.0.0.tgz#b90bb169807285411da7ffcb8dd2598502d3b52d"
  integrity sha1-uQuxaYByhUEdp//LjdJZhQLTtS0=
  dependencies:
    boom "0.4.x"
    cryptiles "0.2.x"
    hoek "0.9.x"
    sntp "0.2.x"

hoek@0.9.x:
  version "0.9.1"
  resolved "https://registry.yarnpkg.com/hoek/-/hoek-0.9.1.tgz#3d322462badf07716ea7eb85baf88079cddce505"
  integrity sha1-PTIkYrrfB3Fup+uFuviAec3c5QU=

http-signature@~0.10.0:
  version "0.10.1"
  resolved "https://registry.yarnpkg.com/http-signature/-/http-signature-0.10.1.tgz#4fbdac132559aa8323121e540779c0a012b27e66"
  integrity sha1-T72sEyVZqoMjEh5UB3nAoBKyfmY=
  dependencies:
    asn1 "0.1.11"
    assert-plus "^0.1.5"
    ctype "0.5.3"

ip-regex@^2.1.0:
  version "2.1.0"
  resolved "https://registry.yarnpkg.com/ip-regex/-/ip-regex-2.1.0.tgz#fa78bf5d2e6913c911ce9f819ee5146bb6d844e9"
  integrity sha1-+ni/XS5pE8kRzp+BnuUUa7bYROk=

json-stringify-safe@~5.0.0:
  version "5.0.1"
  resolved "https://registry.yarnpkg.com/json-stringify-safe/-/json-stringify-safe-5.0.1.tgz#1296a2d58fd45f19a0f6ce01d65701e2c735b6eb"
  integrity sha1-Epai1Y/UXxmg9s4B1lcB4sc1tus=

merge-descriptors@0.0.2:
  version "0.0.2"
  resolved "https://registry.yarnpkg.com/merge-descriptors/-/merge-descriptors-0.0.2.tgz#c36a52a781437513c57275f39dd9d317514ac8c7"
  integrity sha1-w2pSp4FDdRPFcnXzndnTF1FKyMc=

methods@0.1.0:
  version "0.1.0"
  resolved "https://registry.yarnpkg.com/methods/-/methods-0.1.0.tgz#335d429eefd21b7bacf2e9c922a8d2bd14a30e4f"
  integrity sha1-M11Cnu/SG3us8unJIqjSvRSjDk8=

mime@~1.2.11, mime@~1.2.9:
  version "1.2.11"
  resolved "https://registry.yarnpkg.com/mime/-/mime-1.2.11.tgz#58203eed86e3a5ef17aed2b7d9ebd47f0a60dd10"
  integrity sha1-WCA+7Ybjpe8XrtK32evUfwpg3RA=

ms@^2.1.1:
  version "2.1.2"
  resolved "https://registry.yarnpkg.com/ms/-/ms-2.1.2.tgz#d09d1f357b443f493382a8eb3ccd183872ae6009"
  integrity sha512-sGkPx+VjMtmA6MX27oA4FBFELFCZZ4S4XqeGOXCv68tT+jb3vk/RyaKWP0PTKyWtmLSM0b+adUTEvbs1PEaH2w==

negotiator@~0.3.0:
  version "0.3.0"
  resolved "https://registry.yarnpkg.com/negotiator/-/negotiator-0.3.0.tgz#706d692efeddf574d57ea9fb1ab89a4fa7ee8f60"
  integrity sha1-cG1pLv7d9XTVfqn7GriaT6fuj2A=

node-uuid@~1.4.0:
  version "1.4.8"
  resolved "https://registry.yarnpkg.com/node-uuid/-/node-uuid-1.4.8.tgz#b040eb0923968afabf8d32fb1f17f1167fdab907"
  integrity sha1-sEDrCSOWivq/jTL7HxfxFn/auQc=

oauth-sign@~0.3.0:
  version "0.3.0"
  resolved "https://registry.yarnpkg.com/oauth-sign/-/oauth-sign-0.3.0.tgz#cb540f93bb2b22a7d5941691a288d60e8ea9386e"
  integrity sha1-y1QPk7srIqfVlBaRoojWDo6pOG4=

parseurl@1.0.1:
  version "1.0.1"
  resolved "https://registry.yarnpkg.com/parseurl/-/parseurl-1.0.1.tgz#2e57dce6efdd37c3518701030944c22bf388b7b4"
  integrity sha1-Llfc5u/dN8NRhwEDCUTCK/OIt7Q=

path-to-regexp@0.1.2:
  version "0.1.2"
  resolved "https://registry.yarnpkg.com/path-to-regexp/-/path-to-regexp-0.1.2.tgz#9b2b151f9cc3018c9eea50ca95729e05781712b4"
  integrity sha1-mysVH5zDAYye6lDKlXKeBXgXErQ=

psl@^1.1.28:
  version "1.4.0"
  resolved "https://registry.yarnpkg.com/psl/-/psl-1.4.0.tgz#5dd26156cdb69fa1fdb8ab1991667d3f80ced7c2"
  integrity sha512-HZzqCGPecFLyoRj5HLfuDSKYTJkAfB5thKBIkRHtGjWwY7p1dAyveIbXIq4tO0KYfDF2tHqPUgY9SDnGm00uFw==

punycode@^2.1.1:
  version "2.1.1"
  resolved "https://registry.yarnpkg.com/punycode/-/punycode-2.1.1.tgz#b58b010ac40c22c5657616c8d2c2c02c7bf479ec"
  integrity sha512-XRsRjdf+j5ml+y/6GKHPZbrF/8p2Yga0JPtdqTIY2Xe5ohJPD9saDJJLPvp9+NSBprVvevdXZybnj2cv8OEd0A==

qs@0.6.6, qs@~0.6.0:
  version "0.6.6"
  resolved "https://registry.yarnpkg.com/qs/-/qs-0.6.6.tgz#6e015098ff51968b8a3c819001d5f2c89bc4b107"
  integrity sha1-bgFQmP9RlouKPIGQAdXyyJvEsQc=

querystring@~0.2.0:
  version "0.2.0"
  resolved "https://registry.yarnpkg.com/querystring/-/querystring-0.2.0.tgz#b209849203bb25df820da756e747005878521620"
  integrity sha1-sgmEkgO7Jd+CDadW50cAWHhSFiA=

range-parser@0.0.4:
  version "0.0.4"
  resolved "https://registry.yarnpkg.com/range-parser/-/range-parser-0.0.4.tgz#c0427ffef51c10acba0782a46c9602e744ff620b"
  integrity sha1-wEJ//vUcEKy6B4KkbJYC50T/Ygs=

range-parser@1.0.0:
  version "1.0.0"
  resolved "https://registry.yarnpkg.com/range-parser/-/range-parser-1.0.0.tgz#a4b264cfe0be5ce36abe3765ac9c2a248746dbc0"
  integrity sha1-pLJkz+C+XONqvjdlrJwqJIdG28A=

range-parser@~1.0.0:
  version "1.0.3"
  resolved "https://registry.yarnpkg.com/range-parser/-/range-parser-1.0.3.tgz#6872823535c692e2c2a0103826afd82c2e0ff175"
  integrity sha1-aHKCNTXGkuLCoBA4Jq/YLC4P8XU=

request@~2.34.0:
  version "2.34.0"
  resolved "https://registry.yarnpkg.com/request/-/request-2.34.0.tgz#b5d8b9526add4a2d4629f4d417124573996445ae"
  integrity sha1-tdi5UmrdSi1GKfTUFxJFc5lkRa4=
  dependencies:
    forever-agent "~0.5.0"
    json-stringify-safe "~5.0.0"
    mime "~1.2.9"
    node-uuid "~1.4.0"
    qs "~0.6.0"
  optionalDependencies:
    aws-sign2 "~0.5.0"
    form-data "~0.1.0"
    hawk "~1.0.0"
    http-signature "~0.10.0"
    oauth-sign "~0.3.0"
    tough-cookie ">=0.12.0"
    tunnel-agent "~0.3.0"

send@0.1.4:
  version "0.1.4"
  resolved "https://registry.yarnpkg.com/send/-/send-0.1.4.tgz#be70d8d1be01de61821af13780b50345a4f71abd"
  integrity sha1-vnDY0b4B3mGCGvE3gLUDRaT3Gr0=
  dependencies:
    debug "*"
    fresh "0.2.0"
    mime "~1.2.9"
    range-parser "0.0.4"

send@0.2.0:
  version "0.2.0"
  resolved "https://registry.yarnpkg.com/send/-/send-0.2.0.tgz#067abf45cff8bffb29cbdb7439725b32388a2c58"
  integrity sha1-Bnq/Rc/4v/spy9t0OXJbMjiKLFg=
  dependencies:
    debug "*"
    fresh "~0.2.1"
    mime "~1.2.9"
    range-parser "~1.0.0"

serve-static@1.0.1:
  version "1.0.1"
  resolved "https://registry.yarnpkg.com/serve-static/-/serve-static-1.0.1.tgz#10dcbfd44b3e0291a131fc9ab4ab25a9f5a78a42"
  integrity sha1-ENy/1Es+ApGhMfyatKslqfWnikI=
  dependencies:
    send "0.1.4"

sntp@0.2.x:
  version "0.2.4"
  resolved "https://registry.yarnpkg.com/sntp/-/sntp-0.2.4.tgz#fb885f18b0f3aad189f824862536bceeec750900"
  integrity sha1-+4hfGLDzqtGJ+CSGJTa87ux1CQA=
  dependencies:
    hoek "0.9.x"

tough-cookie@>=0.12.0:
  version "3.0.1"
  resolved "https://registry.yarnpkg.com/tough-cookie/-/tough-cookie-3.0.1.tgz#9df4f57e739c26930a018184887f4adb7dca73b2"
  integrity sha512-yQyJ0u4pZsv9D4clxO69OEjLWYw+jbgspjTue4lTQZLfV0c5l1VmK2y1JK8E9ahdpltPOaAThPcp5nKPUgSnsg==
  dependencies:
    ip-regex "^2.1.0"
    psl "^1.1.28"
    punycode "^2.1.1"

tunnel-agent@~0.3.0:
  version "0.3.0"
  resolved "https://registry.yarnpkg.com/tunnel-agent/-/tunnel-agent-0.3.0.tgz#ad681b68f5321ad2827c4cfb1b7d5df2cfe942ee"
  integrity sha1-rWgbaPUyGtKCfEz7G31d8s/pQu4=

type-is@1.0.0:
  version "1.0.0"
  resolved "https://registry.yarnpkg.com/type-is/-/type-is-1.0.0.tgz#4ff424e97349a1ee1910b4bfc488595ecdc443fc"
  integrity sha1-T/Qk6XNJoe4ZELS/xIhZXs3EQ/w=
  dependencies:
    mime "~1.2.11"

utils-merge@1.0.0:
  version "1.0.0"
  resolved "https://registry.yarnpkg.com/utils-merge/-/utils-merge-1.0.0.tgz#0294fb922bb9375153541c4f7096231f287c8af8"
  integrity sha1-ApT7kiu5N1FTVBxPcJYjHyh8ivg=
